
Microsoft Visual Studio Solution File, Format Version 12.00
# Visual Studio Version 17
VisualStudioVersion = 17.9.34701.34
MinimumVisualStudioVersion = 10.0.40219.1
Project("{9A19103F-16F7-4668-BE54-9A1E7A4F7556}") = "InitialStart", "InitialStart\InitialStart.csproj", "{7E2E94B1-2FDA-4AC0-BAD1-5BDD3C4086E4}"
EndProject
Project("{FAE04EC0-301F-11D3-BF4B-00C04F79EFBC}") = "Routing", "Routing\Routing.csproj", "{2903DA33-E3B6-45DC-B35A-5A96C19DB510}"
EndProject
Global
	GlobalSection(SolutionConfigurationPlatforms) = preSolution
		Debug|Any CPU = Debug|Any CPU
		Release|Any CPU = Release|Any CPU
	EndGlobalSection
	GlobalSection(ProjectConfigurationPlatforms) = postSolution
		{7E2E94B1-2FDA-4AC0-BAD1-5BDD3C4086E4}.Debug|Any CPU.ActiveCfg = Debug|Any CPU
		{7E2E94B1-2FDA-4AC0-BAD1-5BDD3C4086E4}.Debug|Any CPU.Build.0 = Debug|Any CPU
		{7E2E94B1-2FDA-4AC0-BAD1-5BDD3C4086E4}.Release|Any CPU.ActiveCfg = Release|Any CPU
		{7E2E94B1-2FDA-4AC0-BAD1-5BDD3C4086E4}.Release|Any CPU.Build.0 = Release|Any CPU
		{2903DA33-E3B6-45DC-B35A-5A96C19DB510}.Debug|Any CPU.ActiveCfg = Debug|Any CPU
		{2903DA33-E3B6-45DC-B35A-5A96C19DB510}.Debug|Any CPU.Build.0 = Debug|Any CPU
		{2903DA33-E3B6-45DC-B35A-5A96C19DB510}.Release|Any CPU.ActiveCfg = Release|Any CPU
		{2903DA33-E3B6-45DC-B35A-5A96C19DB510}.Release|Any CPU.Build.0 = Release|Any CPU
	EndGlobalSection
	GlobalSection(SolutionProperties) = preSolution
		HideSolutionNode = FALSE
	EndGlobalSection
	GlobalSection(ExtensibilityGlobals) = postSolution
		SolutionGuid = {770F082D-6429-44E7-A997-BDC6A9C0AD2A}
	EndGlobalSection
EndGlobal
